
Microsoft Visual Studio Solution File, Format Version 12.00
# Visual Studio 15
Project("{FAE04EC0-301F-11D3-BF4B-00C04F79EFBC}") = "Tests", "Tests.csproj", "{A8D20992-A91D-D861-9EC2-0468F9C6318F}"
EndProject
Project("{FAE04EC0-301F-11D3-BF4B-00C04F79EFBC}") = "Game", "Game.csproj", "{89063768-0722-5A7C-DF5D-059494CAC686}"
EndProject
Project("{FAE04EC0-301F-11D3-BF4B-00C04F79EFBC}") = "PlayModeTests", "PlayModeTests.csproj", "{3945DAB0-4404-E3AB-4642-7ABA9A9917D2}"
EndProject
Global
	GlobalSection(SolutionConfigurationPlatforms) = preSolution
		Debug|Any CPU = Debug|Any CPU
		Release|Any CPU = Release|Any CPU
	EndGlobalSection
	GlobalSection(ProjectConfigurationPlatforms) = postSolution
		{A8D20992-A91D-D861-9EC2-0468F9C6318F}.Debug|Any CPU.ActiveCfg = Debug|Any CPU
		{A8D20992-A91D-D861-9EC2-0468F9C6318F}.Debug|Any CPU.Build.0 = Debug|Any CPU
		{A8D20992-A91D-D861-9EC2-0468F9C6318F}.Release|Any CPU.ActiveCfg = Release|Any CPU
		{A8D20992-A91D-D861-9EC2-0468F9C6318F}.Release|Any CPU.Build.0 = Release|Any CPU
		{89063768-0722-5A7C-DF5D-059494CAC686}.Debug|Any CPU.ActiveCfg = Debug|Any CPU
		{89063768-0722-5A7C-DF5D-059494CAC686}.Debug|Any CPU.Build.0 = Debug|Any CPU
		{89063768-0722-5A7C-DF5D-059494CAC686}.Release|Any CPU.ActiveCfg = Release|Any CPU
		{89063768-0722-5A7C-DF5D-059494CAC686}.Release|Any CPU.Build.0 = Release|Any CPU
		{3945DAB0-4404-E3AB-4642-7ABA9A9917D2}.Debug|Any CPU.ActiveCfg = Debug|Any CPU
		{3945DAB0-4404-E3AB-4642-7ABA9A9917D2}.Debug|Any CPU.Build.0 = Debug|Any CPU
		{3945DAB0-4404-E3AB-4642-7ABA9A9917D2}.Release|Any CPU.ActiveCfg = Release|Any CPU
		{3945DAB0-4404-E3AB-4642-7ABA9A9917D2}.Release|Any CPU.Build.0 = Release|Any CPU
	EndGlobalSection
	GlobalSection(SolutionProperties) = preSolution
		HideSolutionNode = FALSE
	EndGlobalSection
EndGlobal
